
Microsoft Visual Studio Solution File, Format Version 12.00
# Visual Studio 15
VisualStudioVersion = 15.0.28307.421
MinimumVisualStudioVersion = 10.0.40219.1
Project("{FAE04EC0-301F-11D3-BF4B-00C04F79EFBC}") = "Greattest1", "Greattest1\Greattest1.csproj", "{A55F0589-3532-499D-9F34-551E463E49EB}"
EndProject
Global
	GlobalSection(SolutionConfigurationPlatforms) = preSolution
		Debug|Any CPU = Debug|Any CPU
		Release|Any CPU = Release|Any CPU
	EndGlobalSection
	GlobalSection(ProjectConfigurationPlatforms) = postSolution
		{A55F0589-3532-499D-9F34-551E463E49EB}.Debug|Any CPU.ActiveCfg = Debug|Any CPU
		{A55F0589-3532-499D-9F34-551E463E49EB}.Debug|Any CPU.Build.0 = Debug|Any CPU
		{A55F0589-3532-499D-9F34-551E463E49EB}.Release|Any CPU.ActiveCfg = Release|Any CPU
		{A55F0589-3532-499D-9F34-551E463E49EB}.Release|Any CPU.Build.0 = Release|Any CPU
	EndGlobalSection
	GlobalSection(SolutionProperties) = preSolution
		HideSolutionNode = FALSE
	EndGlobalSection
	GlobalSection(ExtensibilityGlobals) = postSolution
		SolutionGuid = {AEC8953A-3606-4356-BB25-232BCF5AF612}
	EndGlobalSection
EndGlobal
